// !$*UTF8*$!
{
	archiveVersion = 1;
	classes = {
	};
	objectVersion = 50;
	objects = {

/* Begin PBXBuildFile section */
		186207EE23CC9B7E0081A086 /* TodaysBooksCell.swift in Sources */ = {isa = PBXBuildFile; fileRef = 186207ED23CC9B7E0081A086 /* TodaysBooksCell.swift */; };
		186207F023CC9BC20081A086 /* TodaysBooksVC.swift in Sources */ = {isa = PBXBuildFile; fileRef = 186207EF23CC9BC20081A086 /* TodaysBooksVC.swift */; };
		187592B123D354EA0056F1C8 /* AppDelegate.swift in Sources */ = {isa = PBXBuildFile; fileRef = 18B5AB2323C63E15003D2E72 /* AppDelegate.swift */; };
		18B5AB2623C63E15003D2E72 /* SceneDelegate.swift in Sources */ = {isa = PBXBuildFile; fileRef = 18B5AB2523C63E15003D2E72 /* SceneDelegate.swift */; };
		18B5AB2823C63E15003D2E72 /* ViewController.swift in Sources */ = {isa = PBXBuildFile; fileRef = 18B5AB2723C63E15003D2E72 /* ViewController.swift */; };
		18B5AB2B23C63E15003D2E72 /* Main.storyboard in Resources */ = {isa = PBXBuildFile; fileRef = 18B5AB2923C63E15003D2E72 /* Main.storyboard */; };
		18B5AB3023C63E17003D2E72 /* Assets.xcassets in Resources */ = {isa = PBXBuildFile; fileRef = 18B5AB2F23C63E17003D2E72 /* Assets.xcassets */; };
		18B5AB3323C63E17003D2E72 /* LaunchScreen.storyboard in Resources */ = {isa = PBXBuildFile; fileRef = 18B5AB3123C63E17003D2E72 /* LaunchScreen.storyboard */; };
		18B5AB3B23C669B2003D2E72 /* AllBooksVC.swift in Sources */ = {isa = PBXBuildFile; fileRef = 18B5AB3A23C669B2003D2E72 /* AllBooksVC.swift */; };
		18B5AB3D23C66A20003D2E72 /* AllBooksCell.swift in Sources */ = {isa = PBXBuildFile; fileRef = 18B5AB3C23C66A20003D2E72 /* AllBooksCell.swift */; };
		18B5AB3F23C744EA003D2E72 /* AddBookVC.swift in Sources */ = {isa = PBXBuildFile; fileRef = 18B5AB3E23C744EA003D2E72 /* AddBookVC.swift */; };
		18C6CD3623CA3D5400C2EDD6 /* ReadingManager.xcdatamodeld in Sources */ = {isa = PBXBuildFile; fileRef = 18C6CD3423CA3D5400C2EDD6 /* ReadingManager.xcdatamodeld */; };
/* End PBXBuildFile section */

/* Begin PBXFileReference section */
		186207ED23CC9B7E0081A086 /* TodaysBooksCell.swift */ = {isa = PBXFileReference; lastKnownFileType = sourcecode.swift; path = TodaysBooksCell.swift; sourceTree = "<group>"; };
		186207EF23CC9BC20081A086 /* TodaysBooksVC.swift */ = {isa = PBXFileReference; lastKnownFileType = sourcecode.swift; path = TodaysBooksVC.swift; sourceTree = "<group>"; };
		18B5AB2023C63E15003D2E72 /* ReadingManager.app */ = {isa = PBXFileReference; explicitFileType = wrapper.application; includeInIndex = 0; path = ReadingManager.app; sourceTree = BUILT_PRODUCTS_DIR; };
		18B5AB2323C63E15003D2E72 /* AppDelegate.swift */ = {isa = PBXFileReference; lastKnownFileType = sourcecode.swift; path = AppDelegate.swift; sourceTree = "<group>"; };
		18B5AB2523C63E15003D2E72 /* SceneDelegate.swift */ = {isa = PBXFileReference; lastKnownFileType = sourcecode.swift; path = SceneDelegate.swift; sourceTree = "<group>"; };
		18B5AB2723C63E15003D2E72 /* ViewController.swift */ = {isa = PBXFileReference; lastKnownFileType = sourcecode.swift; path = ViewController.swift; sourceTree = "<group>"; };
		18B5AB2A23C63E15003D2E72 /* Base */ = {isa = PBXFileReference; lastKnownFileType = file.storyboard; name = Base; path = Base.lproj/Main.storyboard; sourceTree = "<group>"; };
		18B5AB2F23C63E17003D2E72 /* Assets.xcassets */ = {isa = PBXFileReference; lastKnownFileType = folder.assetcatalog; path = Assets.xcassets; sourceTree = "<group>"; };
		18B5AB3223C63E17003D2E72 /* Base */ = {isa = PBXFileReference; lastKnownFileType = file.storyboard; name = Base; path = Base.lproj/LaunchScreen.storyboard; sourceTree = "<group>"; };
		18B5AB3423C63E17003D2E72 /* Info.plist */ = {isa = PBXFileReference; lastKnownFileType = text.plist.xml; path = Info.plist; sourceTree = "<group>"; };
		18B5AB3A23C669B2003D2E72 /* AllBooksVC.swift */ = {isa = PBXFileReference; lastKnownFileType = sourcecode.swift; path = AllBooksVC.swift; sourceTree = "<group>"; };
		18B5AB3C23C66A20003D2E72 /* AllBooksCell.swift */ = {isa = PBXFileReference; lastKnownFileType = sourcecode.swift; path = AllBooksCell.swift; sourceTree = "<group>"; };
		18B5AB3E23C744EA003D2E72 /* AddBookVC.swift */ = {isa = PBXFileReference; lastKnownFileType = sourcecode.swift; path = AddBookVC.swift; sourceTree = "<group>"; };
		18C6CD3523CA3D5400C2EDD6 /* bk.xcdatamodel */ = {isa = PBXFileReference; lastKnownFileType = wrapper.xcdatamodel; path = bk.xcdatamodel; sourceTree = "<group>"; };
/* End PBXFileReference section */

/* Begin PBXFrameworksBuildPhase section */
		18B5AB1D23C63E15003D2E72 /* Frameworks */ = {
			isa = PBXFrameworksBuildPhase;
			buildActionMask = 2147483647;
			files = (
			);
			runOnlyForDeploymentPostprocessing = 0;
		};
/* End PBXFrameworksBuildPhase section */

/* Begin PBXGroup section */
		18B5AB1723C63E15003D2E72 = {
			isa = PBXGroup;
			children = (
				18B5AB2223C63E15003D2E72 /* ReadingManager */,
				18B5AB2123C63E15003D2E72 /* Products */,
			);
			sourceTree = "<group>";
		};
		18B5AB2123C63E15003D2E72 /* Products */ = {
			isa = PBXGroup;
			children = (
				18B5AB2023C63E15003D2E72 /* ReadingManager.app */,
			);
			name = Products;
			sourceTree = "<group>";
		};
		18B5AB2223C63E15003D2E72 /* ReadingManager */ = {
			isa = PBXGroup;
			children = (
				18B5AB2323C63E15003D2E72 /* AppDelegate.swift */,
				18B5AB2523C63E15003D2E72 /* SceneDelegate.swift */,
				18B5AB2723C63E15003D2E72 /* ViewController.swift */,
				18B5AB2923C63E15003D2E72 /* Main.storyboard */,
				186207EF23CC9BC20081A086 /* TodaysBooksVC.swift */,
				186207ED23CC9B7E0081A086 /* TodaysBooksCell.swift */,
				18B5AB3E23C744EA003D2E72 /* AddBookVC.swift */,
				18B5AB3A23C669B2003D2E72 /* AllBooksVC.swift */,
				18B5AB3C23C66A20003D2E72 /* AllBooksCell.swift */,
				18C6CD3423CA3D5400C2EDD6 /* ReadingManager.xcdatamodeld */,
				18B5AB2F23C63E17003D2E72 /* Assets.xcassets */,
				18B5AB3123C63E17003D2E72 /* LaunchScreen.storyboard */,
				18B5AB3423C63E17003D2E72 /* Info.plist */,
			);
			path = ReadingManager;
			sourceTree = "<group>";
		};
/* End PBXGroup section */

/* Begin PBXNativeTarget section */
		18B5AB1F23C63E15003D2E72 /* ReadingManager */ = {
			isa = PBXNativeTarget;
			buildConfigurationList = 18B5AB3723C63E17003D2E72 /* Build configuration list for PBXNativeTarget "ReadingManager" */;
			buildPhases = (
				18B5AB1C23C63E15003D2E72 /* Sources */,
				18B5AB1D23C63E15003D2E72 /* Frameworks */,
				18B5AB1E23C63E15003D2E72 /* Resources */,
			);
			buildRules = (
			);
			dependencies = (
			);
			name = ReadingManager;
			productName = ReadingManager;
			productReference = 18B5AB2023C63E15003D2E72 /* ReadingManager.app */;
			productType = "com.apple.product-type.application";
		};
/* End PBXNativeTarget section */

/* Begin PBXProject section */
		18B5AB1823C63E15003D2E72 /* Project object */ = {
			isa = PBXProject;
			attributes = {
				LastSwiftUpdateCheck = 1130;
				LastUpgradeCheck = 1130;
				ORGANIZATIONNAME = Yasz;
				TargetAttributes = {
					18B5AB1F23C63E15003D2E72 = {
						CreatedOnToolsVersion = 11.3;
					};
				};
			};
			buildConfigurationList = 18B5AB1B23C63E15003D2E72 /* Build configuration list for PBXProject "ReadingManager" */;
			compatibilityVersion = "Xcode 9.3";
			developmentRegion = en;
			hasScannedForEncodings = 0;
			knownRegions = (
				en,
				Base,
			);
			mainGroup = 18B5AB1723C63E15003D2E72;
			productRefGroup = 18B5AB2123C63E15003D2E72 /* Products */;
			projectDirPath = "";
			projectRoot = "";
			targets = (
				18B5AB1F23C63E15003D2E72 /* ReadingManager */,
			);
		};
/* End PBXProject section */

/* Begin PBXResourcesBuildPhase section */
		18B5AB1E23C63E15003D2E72 /* Resources */ = {
			isa = PBXResourcesBuildPhase;
			buildActionMask = 2147483647;
			files = (
				18B5AB3323C63E17003D2E72 /* LaunchScreen.storyboard in Resources */,
				18B5AB3023C63E17003D2E72 /* Assets.xcassets in Resources */,
				18B5AB2B23C63E15003D2E72 /* Main.storyboard in Resources */,
			);
			runOnlyForDeploymentPostprocessing = 0;
		};
/* End PBXResourcesBuildPhase section */

/* Begin PBXSourcesBuildPhase section */
		18B5AB1C23C63E15003D2E72 /* Sources */ = {
			isa = PBXSourcesBuildPhase;
			buildActionMask = 2147483647;
			files = (
				18B5AB3F23C744EA003D2E72 /* AddBookVC.swift in Sources */,
				18C6CD3623CA3D5400C2EDD6 /* ReadingManager.xcdatamodeld in Sources */,
				186207F023CC9BC20081A086 /* TodaysBooksVC.swift in Sources */,
				187592B123D354EA0056F1C8 /* AppDelegate.swift in Sources */,
				186207EE23CC9B7E0081A086 /* TodaysBooksCell.swift in Sources */,
				18B5AB2823C63E15003D2E72 /* ViewController.swift in Sources */,
				18B5AB3B23C669B2003D2E72 /* AllBooksVC.swift in Sources */,
				18B5AB3D23C66A20003D2E72 /* AllBooksCell.swift in Sources */,
				18B5AB2623C63E15003D2E72 /* SceneDelegate.swift in Sources */,
			);
			runOnlyForDeploymentPostprocessing = 0;
		};
/* End PBXSourcesBuildPhase section */

/* Begin PBXVariantGroup section */
		18B5AB2923C63E15003D2E72 /* Main.storyboard */ = {
			isa = PBXVariantGroup;
			children = (
				18B5AB2A23C63E15003D2E72 /* Base */,
			);
			name = Main.storyboard;
			sourceTree = "<group>";
		};
		18B5AB3123C63E17003D2E72 /* LaunchScreen.storyboard */ = {
			isa = PBXVariantGroup;
			children = (
				18B5AB3223C63E17003D2E72 /* Base */,
			);
			name = LaunchScreen.storyboard;
			sourceTree = "<group>";
		};
/* End PBXVariantGroup section */

/* Begin XCBuildConfiguration section */
		18B5AB3523C63E17003D2E72 /* Debug */ = {
			isa = XCBuildConfiguration;
			buildSettings = {
				ALWAYS_SEARCH_USER_PATHS = NO;
				CLANG_ANALYZER_NONNULL = YES;
				CLANG_ANALYZER_NUMBER_OBJECT_CONVERSION = YES_AGGRESSIVE;
				CLANG_CXX_LANGUAGE_STANDARD = "gnu++14";
				CLANG_CXX_LIBRARY = "libc++";
				CLANG_ENABLE_MODULES = YES;
				CLANG_ENABLE_OBJC_ARC = YES;
				CLANG_ENABLE_OBJC_WEAK = YES;
				CLANG_WARN_BLOCK_CAPTURE_AUTORELEASING = YES;
				CLANG_WARN_BOOL_CONVERSION = YES;
				CLANG_WARN_COMMA = YES;
				CLANG_WARN_CONSTANT_CONVERSION = YES;
				CLANG_WARN_DEPRECATED_OBJC_IMPLEMENTATIONS = YES;
				CLANG_WARN_DIRECT_OBJC_ISA_USAGE = YES_ERROR;
				CLANG_WARN_DOCUMENTATION_COMMENTS = YES;
				CLANG_WARN_EMPTY_BODY = YES;
				CLANG_WARN_ENUM_CONVERSION = YES;
				CLANG_WARN_INFINITE_RECURSION = YES;
				CLANG_WARN_INT_CONVERSION = YES;
				CLANG_WARN_NON_LITERAL_NULL_CONVERSION = YES;
				CLANG_WARN_OBJC_IMPLICIT_RETAIN_SELF = YES;
				CLANG_WARN_OBJC_LITERAL_CONVERSION = YES;
				CLANG_WARN_OBJC_ROOT_CLASS = YES_ERROR;
				CLANG_WARN_RANGE_LOOP_ANALYSIS = YES;
				CLANG_WARN_STRICT_PROTOTYPES = YES;
				CLANG_WARN_SUSPICIOUS_MOVE = YES;
				CLANG_WARN_UNGUARDED_AVAILABILITY = YES_AGGRESSIVE;
				CLANG_WARN_UNREACHABLE_CODE = YES;
				CLANG_WARN__DUPLICATE_METHOD_MATCH = YES;
				COPY_PHASE_STRIP = NO;
				DEBUG_INFORMATION_FORMAT = dwarf;
				ENABLE_STRICT_OBJC_MSGSEND = YES;
				ENABLE_TESTABILITY = YES;
				GCC_C_LANGUAGE_STANDARD = gnu11;
				GCC_DYNAMIC_NO_PIC = NO;
				GCC_NO_COMMON_BLOCKS = YES;
				GCC_OPTIMIZATION_LEVEL = 0;
				GCC_PREPROCESSOR_DEFINITIONS = (
					"DEBUG=1",
					"$(inherited)",
				);
				GCC_WARN_64_TO_32_BIT_CONVERSION = YES;
				GCC_WARN_ABOUT_RETURN_TYPE = YES_ERROR;
				GCC_WARN_UNDECLARED_SELECTOR = YES;
				GCC_WARN_UNINITIALIZED_AUTOS = YES_AGGRESSIVE;
				GCC_WARN_UNUSED_FUNCTION = YES;
				GCC_WARN_UNUSED_VARIABLE = YES;
				IPHONEOS_DEPLOYMENT_TARGET = 13.2;
				MTL_ENABLE_DEBUG_INFO = INCLUDE_SOURCE;
				MTL_FAST_MATH = YES;
				ONLY_ACTIVE_ARCH = YES;
				SDKROOT = iphoneos;
				SWIFT_ACTIVE_COMPILATION_CONDITIONS = DEBUG;
				SWIFT_OPTIMIZATION_LEVEL = "-Onone";
			};
			name = Debug;
		};
		18B5AB3623C63E17003D2E72 /* Release */ = {
			isa = XCBuildConfiguration;
			buildSettings = {
				ALWAYS_SEARCH_USER_PATHS = NO;
				CLANG_ANALYZER_NONNULL = YES;
				CLANG_ANALYZER_NUMBER_OBJECT_CONVERSION = YES_AGGRESSIVE;
				CLANG_CXX_LANGUAGE_STANDARD = "gnu++14";
				CLANG_CXX_LIBRARY = "libc++";
				CLANG_ENABLE_MODULES = YES;
				CLANG_ENABLE_OBJC_ARC = YES;
				CLANG_ENABLE_OBJC_WEAK = YES;
				CLANG_WARN_BLOCK_CAPTURE_AUTORELEASING = YES;
				CLANG_WARN_BOOL_CONVERSION = YES;
				CLANG_WARN_COMMA = YES;
				CLANG_WARN_CONSTANT_CONVERSION = YES;
				CLANG_WARN_DEPRECATED_OBJC_IMPLEMENTATIONS = YES;
				CLANG_WARN_DIRECT_OBJC_ISA_USAGE = YES_ERROR;
				CLANG_WARN_DOCUMENTATION_COMMENTS = YES;
				CLANG_WARN_EMPTY_BODY = YES;
				CLANG_WARN_ENUM_CONVERSION = YES;
				CLANG_WARN_INFINITE_RECURSION = YES;
				CLANG_WARN_INT_CONVERSION = YES;
				CLANG_WARN_NON_LITERAL_NULL_CONVERSION = YES;
				CLANG_WARN_OBJC_IMPLICIT_RETAIN_SELF = YES;
				CLANG_WARN_OBJC_LITERAL_CONVERSION = YES;
				CLANG_WARN_OBJC_ROOT_CLASS = YES_ERROR;
				CLANG_WARN_RANGE_LOOP_ANALYSIS = YES;
				CLANG_WARN_STRICT_PROTOTYPES = YES;
				CLANG_WARN_SUSPICIOUS_MOVE = YES;
				CLANG_WARN_UNGUARDED_AVAILABILITY = YES_AGGRESSIVE;
				CLANG_WARN_UNREACHABLE_CODE = YES;
				CLANG_WARN__DUPLICATE_METHOD_MATCH = YES;
				COPY_PHASE_STRIP = NO;
				DEBUG_INFORMATION_FORMAT = "dwarf-with-dsym";
				ENABLE_NS_ASSERTIONS = NO;
				ENABLE_STRICT_OBJC_MSGSEND = YES;
				GCC_C_LANGUAGE_STANDARD = gnu11;
				GCC_NO_COMMON_BLOCKS = YES;
				GCC_WARN_64_TO_32_BIT_CONVERSION = YES;
				GCC_WARN_ABOUT_RETURN_TYPE = YES_ERROR;
				GCC_WARN_UNDECLARED_SELECTOR = YES;
				GCC_WARN_UNINITIALIZED_AUTOS = YES_AGGRESSIVE;
				GCC_WARN_UNUSED_FUNCTION = YES;
				GCC_WARN_UNUSED_VARIABLE = YES;
				IPHONEOS_DEPLOYMENT_TARGET = 13.2;
				MTL_ENABLE_DEBUG_INFO = NO;
				MTL_FAST_MATH = YES;
				SDKROOT = iphoneos;
				SWIFT_COMPILATION_MODE = wholemodule;
				SWIFT_OPTIMIZATION_LEVEL = "-O";
				VALIDATE_PRODUCT = YES;
			};
			name = Release;
		};
		18B5AB3823C63E17003D2E72 /* Debug */ = {
			isa = XCBuildConfiguration;
			buildSettings = {
				ASSETCATALOG_COMPILER_APPICON_NAME = AppIcon;
				CODE_SIGN_STYLE = Automatic;
				DEVELOPMENT_TEAM = 3L5J4Y29V3;
				INFOPLIST_FILE = ReadingManager/Info.plist;
				LD_RUNPATH_SEARCH_PATHS = (
					"$(inherited)",
					"@executable_path/Frameworks",
				);
				PRODUCT_BUNDLE_IDENTIFIER = Yasz.ReadingManager;
				PRODUCT_NAME = "$(TARGET_NAME)";
				SWIFT_VERSION = 5.0;
				TARGETED_DEVICE_FAMILY = "1,2";
			};
			name = Debug;
		};
		18B5AB3923C63E17003D2E72 /* Release */ = {
			isa = XCBuildConfiguration;
			buildSettings = {
				ASSETCATALOG_COMPILER_APPICON_NAME = AppIcon;
				CODE_SIGN_STYLE = Automatic;
				DEVELOPMENT_TEAM = 3L5J4Y29V3;
				INFOPLIST_FILE = ReadingManager/Info.plist;
				LD_RUNPATH_SEARCH_PATHS = (
					"$(inherited)",
					"@executable_path/Frameworks",
				);
				PRODUCT_BUNDLE_IDENTIFIER = Yasz.ReadingManager;
				PRODUCT_NAME = "$(TARGET_NAME)";
				SWIFT_VERSION = 5.0;
				TARGETED_DEVICE_FAMILY = "1,2";
			};
			name = Release;
		};
/* End XCBuildConfiguration section */

/* Begin XCConfigurationList section */
		18B5AB1B23C63E15003D2E72 /* Build configuration list for PBXProject "ReadingManager" */ = {
			isa = XCConfigurationList;
			buildConfigurations = (
				18B5AB3523C63E17003D2E72 /* Debug */,
				18B5AB3623C63E17003D2E72 /* Release */,
			);
			defaultConfigurationIsVisible = 0;
			defaultConfigurationName = Release;
		};
		18B5AB3723C63E17003D2E72 /* Build configuration list for PBXNativeTarget "ReadingManager" */ = {
			isa = XCConfigurationList;
			buildConfigurations = (
				18B5AB3823C63E17003D2E72 /* Debug */,
				18B5AB3923C63E17003D2E72 /* Release */,
			);
			defaultConfigurationIsVisible = 0;
			defaultConfigurationName = Release;
		};
/* End XCConfigurationList section */

/* Begin XCVersionGroup section */
		18C6CD3423CA3D5400C2EDD6 /* ReadingManager.xcdatamodeld */ = {
			isa = XCVersionGroup;
			children = (
				18C6CD3523CA3D5400C2EDD6 /* bk.xcdatamodel */,
			);
			currentVersion = 18C6CD3523CA3D5400C2EDD6 /* bk.xcdatamodel */;
			path = ReadingManager.xcdatamodeld;
			sourceTree = "<group>";
			versionGroupType = wrapper.xcdatamodel;
		};
/* End XCVersionGroup section */
	};
	rootObject = 18B5AB1823C63E15003D2E72 /* Project object */;
}
